// !$*UTF8*$!
{
	archiveVersion = 1;
	classes = {
	};
	objectVersion = 56;
	objects = {

/* Begin PBXBuildFile section */
		6A68AEE52A6EF9D600ECE7C9 /* AperoQuizApp.swift in Sources */ = {isa = PBXBuildFile; fileRef = 6A68AEE42A6EF9D600ECE7C9 /* AperoQuizApp.swift */; };
		6A68AEE92A6EF9D600ECE7C9 /* Assets.xcassets in Resources */ = {isa = PBXBuildFile; fileRef = 6A68AEE82A6EF9D600ECE7C9 /* Assets.xcassets */; };
		6A68AEEC2A6EF9D600ECE7C9 /* Preview Assets.xcassets in Resources */ = {isa = PBXBuildFile; fileRef = 6A68AEEB2A6EF9D600ECE7C9 /* Preview Assets.xcassets */; };
		6A68AEF62A6EF9F800ECE7C9 /* HomeViewModel.swift in Sources */ = {isa = PBXBuildFile; fileRef = 6A68AEF42A6EF9F700ECE7C9 /* HomeViewModel.swift */; };
		6A68AEF72A6EF9F800ECE7C9 /* HomeView.swift in Sources */ = {isa = PBXBuildFile; fileRef = 6A68AEF52A6EF9F700ECE7C9 /* HomeView.swift */; };
		6A68AEFA2A6EFC3500ECE7C9 /* QuizView.swift in Sources */ = {isa = PBXBuildFile; fileRef = 6A68AEF92A6EFC3500ECE7C9 /* QuizView.swift */; };
		6A68AEFC2A6EFC5A00ECE7C9 /* QuizViewModel.swift in Sources */ = {isa = PBXBuildFile; fileRef = 6A68AEFB2A6EFC5A00ECE7C9 /* QuizViewModel.swift */; };
		6A68AEFF2A6EFD2000ECE7C9 /* Player.swift in Sources */ = {isa = PBXBuildFile; fileRef = 6A68AEFE2A6EFD2000ECE7C9 /* Player.swift */; };
		6A68AF012A6EFE4000ECE7C9 /* Question.swift in Sources */ = {isa = PBXBuildFile; fileRef = 6A68AF002A6EFE4000ECE7C9 /* Question.swift */; };
		6A68AF042A6EFE9200ECE7C9 /* QuestionsRepository.swift in Sources */ = {isa = PBXBuildFile; fileRef = 6A68AF032A6EFE9200ECE7C9 /* QuestionsRepository.swift */; };
		6A68AF072A6F097200ECE7C9 /* FilledButtonStyle.swift in Sources */ = {isa = PBXBuildFile; fileRef = 6A68AF062A6F097200ECE7C9 /* FilledButtonStyle.swift */; };
/* End PBXBuildFile section */

/* Begin PBXFileReference section */
		6A68AEE12A6EF9D600ECE7C9 /* AperoQuiz.app */ = {isa = PBXFileReference; explicitFileType = wrapper.application; includeInIndex = 0; path = AperoQuiz.app; sourceTree = BUILT_PRODUCTS_DIR; };
		6A68AEE42A6EF9D600ECE7C9 /* AperoQuizApp.swift */ = {isa = PBXFileReference; lastKnownFileType = sourcecode.swift; path = AperoQuizApp.swift; sourceTree = "<group>"; };
		6A68AEE82A6EF9D600ECE7C9 /* Assets.xcassets */ = {isa = PBXFileReference; lastKnownFileType = folder.assetcatalog; path = Assets.xcassets; sourceTree = "<group>"; };
		6A68AEEB2A6EF9D600ECE7C9 /* Preview Assets.xcassets */ = {isa = PBXFileReference; lastKnownFileType = folder.assetcatalog; path = "Preview Assets.xcassets"; sourceTree = "<group>"; };
		6A68AEF42A6EF9F700ECE7C9 /* HomeViewModel.swift */ = {isa = PBXFileReference; fileEncoding = 4; lastKnownFileType = sourcecode.swift; path = HomeViewModel.swift; sourceTree = "<group>"; };
		6A68AEF52A6EF9F700ECE7C9 /* HomeView.swift */ = {isa = PBXFileReference; fileEncoding = 4; lastKnownFileType = sourcecode.swift; path = HomeView.swift; sourceTree = "<group>"; };
		6A68AEF92A6EFC3500ECE7C9 /* QuizView.swift */ = {isa = PBXFileReference; lastKnownFileType = sourcecode.swift; path = QuizView.swift; sourceTree = "<group>"; };
		6A68AEFB2A6EFC5A00ECE7C9 /* QuizViewModel.swift */ = {isa = PBXFileReference; lastKnownFileType = sourcecode.swift; path = QuizViewModel.swift; sourceTree = "<group>"; };
		6A68AEFE2A6EFD2000ECE7C9 /* Player.swift */ = {isa = PBXFileReference; lastKnownFileType = sourcecode.swift; path = Player.swift; sourceTree = "<group>"; };
		6A68AF002A6EFE4000ECE7C9 /* Question.swift */ = {isa = PBXFileReference; lastKnownFileType = sourcecode.swift; path = Question.swift; sourceTree = "<group>"; };
		6A68AF032A6EFE9200ECE7C9 /* QuestionsRepository.swift */ = {isa = PBXFileReference; lastKnownFileType = sourcecode.swift; path = QuestionsRepository.swift; sourceTree = "<group>"; };
		6A68AF062A6F097200ECE7C9 /* FilledButtonStyle.swift */ = {isa = PBXFileReference; lastKnownFileType = sourcecode.swift; path = FilledButtonStyle.swift; sourceTree = "<group>"; };
/* End PBXFileReference section */

/* Begin PBXFrameworksBuildPhase section */
		6A68AEDE2A6EF9D600ECE7C9 /* Frameworks */ = {
			isa = PBXFrameworksBuildPhase;
			buildActionMask = 2147483647;
			files = (
			);
			runOnlyForDeploymentPostprocessing = 0;
		};
/* End PBXFrameworksBuildPhase section */

/* Begin PBXGroup section */
		6A68AED82A6EF9D600ECE7C9 = {
			isa = PBXGroup;
			children = (
				6A68AEE32A6EF9D600ECE7C9 /* AperoQuiz */,
				6A68AEE22A6EF9D600ECE7C9 /* Products */,
			);
			sourceTree = "<group>";
		};
		6A68AEE22A6EF9D600ECE7C9 /* Products */ = {
			isa = PBXGroup;
			children = (
				6A68AEE12A6EF9D600ECE7C9 /* AperoQuiz.app */,
			);
			name = Products;
			sourceTree = "<group>";
		};
		6A68AEE32A6EF9D600ECE7C9 /* AperoQuiz */ = {
			isa = PBXGroup;
			children = (
				6A68AF052A6F096500ECE7C9 /* Utils */,
				6A68AF022A6EFE8600ECE7C9 /* Repositories */,
				6A68AEFD2A6EFD1900ECE7C9 /* Models */,
				6A68AEF22A6EF9E700ECE7C9 /* Features */,
				6A68AEE42A6EF9D600ECE7C9 /* AperoQuizApp.swift */,
				6A68AEE82A6EF9D600ECE7C9 /* Assets.xcassets */,
				6A68AEEA2A6EF9D600ECE7C9 /* Preview Content */,
			);
			path = AperoQuiz;
			sourceTree = "<group>";
		};
		6A68AEEA2A6EF9D600ECE7C9 /* Preview Content */ = {
			isa = PBXGroup;
			children = (
				6A68AEEB2A6EF9D600ECE7C9 /* Preview Assets.xcassets */,
			);
			path = "Preview Content";
			sourceTree = "<group>";
		};
		6A68AEF22A6EF9E700ECE7C9 /* Features */ = {
			isa = PBXGroup;
			children = (
				6A68AEF32A6EF9F700ECE7C9 /* Home */,
				6A68AEF82A6EFC2800ECE7C9 /* Quiz */,
			);
			path = Features;
			sourceTree = "<group>";
		};
		6A68AEF32A6EF9F700ECE7C9 /* Home */ = {
			isa = PBXGroup;
			children = (
				6A68AEF52A6EF9F700ECE7C9 /* HomeView.swift */,
				6A68AEF42A6EF9F700ECE7C9 /* HomeViewModel.swift */,
			);
			path = Home;
			sourceTree = "<group>";
		};
		6A68AEF82A6EFC2800ECE7C9 /* Quiz */ = {
			isa = PBXGroup;
			children = (
				6A68AEF92A6EFC3500ECE7C9 /* QuizView.swift */,
				6A68AEFB2A6EFC5A00ECE7C9 /* QuizViewModel.swift */,
			);
			path = Quiz;
			sourceTree = "<group>";
		};
		6A68AEFD2A6EFD1900ECE7C9 /* Models */ = {
			isa = PBXGroup;
			children = (
				6A68AEFE2A6EFD2000ECE7C9 /* Player.swift */,
				6A68AF002A6EFE4000ECE7C9 /* Question.swift */,
			);
			path = Models;
			sourceTree = "<group>";
		};
		6A68AF022A6EFE8600ECE7C9 /* Repositories */ = {
			isa = PBXGroup;
			children = (
				6A68AF032A6EFE9200ECE7C9 /* QuestionsRepository.swift */,
			);
			path = Repositories;
			sourceTree = "<group>";
		};
		6A68AF052A6F096500ECE7C9 /* Utils */ = {
			isa = PBXGroup;
			children = (
				6A68AF062A6F097200ECE7C9 /* FilledButtonStyle.swift */,
			);
			path = Utils;
			sourceTree = "<group>";
		};
/* End PBXGroup section */

/* Begin PBXNativeTarget section */
		6A68AEE02A6EF9D600ECE7C9 /* AperoQuiz */ = {
			isa = PBXNativeTarget;
			buildConfigurationList = 6A68AEEF2A6EF9D600ECE7C9 /* Build configuration list for PBXNativeTarget "AperoQuiz" */;
			buildPhases = (
				6A68AEDD2A6EF9D600ECE7C9 /* Sources */,
				6A68AEDE2A6EF9D600ECE7C9 /* Frameworks */,
				6A68AEDF2A6EF9D600ECE7C9 /* Resources */,
			);
			buildRules = (
			);
			dependencies = (
			);
			name = AperoQuiz;
			productName = AperoQuiz;
			productReference = 6A68AEE12A6EF9D600ECE7C9 /* AperoQuiz.app */;
			productType = "com.apple.product-type.application";
		};
/* End PBXNativeTarget section */

/* Begin PBXProject section */
		6A68AED92A6EF9D600ECE7C9 /* Project object */ = {
			isa = PBXProject;
			attributes = {
				BuildIndependentTargetsInParallel = 1;
				LastSwiftUpdateCheck = 1430;
				LastUpgradeCheck = 1430;
				TargetAttributes = {
					6A68AEE02A6EF9D600ECE7C9 = {
						CreatedOnToolsVersion = 14.3.1;
					};
				};
			};
			buildConfigurationList = 6A68AEDC2A6EF9D600ECE7C9 /* Build configuration list for PBXProject "AperoQuiz" */;
			compatibilityVersion = "Xcode 14.0";
			developmentRegion = en;
			hasScannedForEncodings = 0;
			knownRegions = (
				en,
				Base,
			);
			mainGroup = 6A68AED82A6EF9D600ECE7C9;
			productRefGroup = 6A68AEE22A6EF9D600ECE7C9 /* Products */;
			projectDirPath = "";
			projectRoot = "";
			targets = (
				6A68AEE02A6EF9D600ECE7C9 /* AperoQuiz */,
			);
		};
/* End PBXProject section */

/* Begin PBXResourcesBuildPhase section */
		6A68AEDF2A6EF9D600ECE7C9 /* Resources */ = {
			isa = PBXResourcesBuildPhase;
			buildActionMask = 2147483647;
			files = (
				6A68AEEC2A6EF9D600ECE7C9 /* Preview Assets.xcassets in Resources */,
				6A68AEE92A6EF9D600ECE7C9 /* Assets.xcassets in Resources */,
			);
			runOnlyForDeploymentPostprocessing = 0;
		};
/* End PBXResourcesBuildPhase section */

/* Begin PBXSourcesBuildPhase section */
		6A68AEDD2A6EF9D600ECE7C9 /* Sources */ = {
			isa = PBXSourcesBuildPhase;
			buildActionMask = 2147483647;
			files = (
				6A68AEF72A6EF9F800ECE7C9 /* HomeView.swift in Sources */,
				6A68AEFA2A6EFC3500ECE7C9 /* QuizView.swift in Sources */,
				6A68AEF62A6EF9F800ECE7C9 /* HomeViewModel.swift in Sources */,
				6A68AEFC2A6EFC5A00ECE7C9 /* QuizViewModel.swift in Sources */,
				6A68AEFF2A6EFD2000ECE7C9 /* Player.swift in Sources */,
				6A68AF012A6EFE4000ECE7C9 /* Question.swift in Sources */,
				6A68AEE52A6EF9D600ECE7C9 /* AperoQuizApp.swift in Sources */,
				6A68AF042A6EFE9200ECE7C9 /* QuestionsRepository.swift in Sources */,
				6A68AF072A6F097200ECE7C9 /* FilledButtonStyle.swift in Sources */,
			);
			runOnlyForDeploymentPostprocessing = 0;
		};
/* End PBXSourcesBuildPhase section */

/* Begin XCBuildConfiguration section */
		6A68AEED2A6EF9D600ECE7C9 /* Debug */ = {
			isa = XCBuildConfiguration;
			buildSettings = {
				ALWAYS_SEARCH_USER_PATHS = NO;
				CLANG_ANALYZER_NONNULL = YES;
				CLANG_ANALYZER_NUMBER_OBJECT_CONVERSION = YES_AGGRESSIVE;
				CLANG_CXX_LANGUAGE_STANDARD = "gnu++20";
				CLANG_ENABLE_MODULES = YES;
				CLANG_ENABLE_OBJC_ARC = YES;
				CLANG_ENABLE_OBJC_WEAK = YES;
				CLANG_WARN_BLOCK_CAPTURE_AUTORELEASING = YES;
				CLANG_WARN_BOOL_CONVERSION = YES;
				CLANG_WARN_COMMA = YES;
				CLANG_WARN_CONSTANT_CONVERSION = YES;
				CLANG_WARN_DEPRECATED_OBJC_IMPLEMENTATIONS = YES;
				CLANG_WARN_DIRECT_OBJC_ISA_USAGE = YES_ERROR;
				CLANG_WARN_DOCUMENTATION_COMMENTS = YES;
				CLANG_WARN_EMPTY_BODY = YES;
				CLANG_WARN_ENUM_CONVERSION = YES;
				CLANG_WARN_INFINITE_RECURSION = YES;
				CLANG_WARN_INT_CONVERSION = YES;
				CLANG_WARN_NON_LITERAL_NULL_CONVERSION = YES;
				CLANG_WARN_OBJC_IMPLICIT_RETAIN_SELF = YES;
				CLANG_WARN_OBJC_LITERAL_CONVERSION = YES;
				CLANG_WARN_OBJC_ROOT_CLASS = YES_ERROR;
				CLANG_WARN_QUOTED_INCLUDE_IN_FRAMEWORK_HEADER = YES;
				CLANG_WARN_RANGE_LOOP_ANALYSIS = YES;
				CLANG_WARN_STRICT_PROTOTYPES = YES;
				CLANG_WARN_SUSPICIOUS_MOVE = YES;
				CLANG_WARN_UNGUARDED_AVAILABILITY = YES_AGGRESSIVE;
				CLANG_WARN_UNREACHABLE_CODE = YES;
				CLANG_WARN__DUPLICATE_METHOD_MATCH = YES;
				COPY_PHASE_STRIP = NO;
				DEBUG_INFORMATION_FORMAT = dwarf;
				ENABLE_STRICT_OBJC_MSGSEND = YES;
				ENABLE_TESTABILITY = YES;
				GCC_C_LANGUAGE_STANDARD = gnu11;
				GCC_DYNAMIC_NO_PIC = NO;
				GCC_NO_COMMON_BLOCKS = YES;
				GCC_OPTIMIZATION_LEVEL = 0;
				GCC_PREPROCESSOR_DEFINITIONS = (
					"DEBUG=1",
					"$(inherited)",
				);
				GCC_WARN_64_TO_32_BIT_CONVERSION = YES;
				GCC_WARN_ABOUT_RETURN_TYPE = YES_ERROR;
				GCC_WARN_UNDECLARED_SELECTOR = YES;
				GCC_WARN_UNINITIALIZED_AUTOS = YES_AGGRESSIVE;
				GCC_WARN_UNUSED_FUNCTION = YES;
				GCC_WARN_UNUSED_VARIABLE = YES;
				IPHONEOS_DEPLOYMENT_TARGET = 16.4;
				MTL_ENABLE_DEBUG_INFO = INCLUDE_SOURCE;
				MTL_FAST_MATH = YES;
				ONLY_ACTIVE_ARCH = YES;
				SDKROOT = iphoneos;
				SWIFT_ACTIVE_COMPILATION_CONDITIONS = DEBUG;
				SWIFT_OPTIMIZATION_LEVEL = "-Onone";
			};
			name = Debug;
		};
		6A68AEEE2A6EF9D600ECE7C9 /* Release */ = {
			isa = XCBuildConfiguration;
			buildSettings = {
				ALWAYS_SEARCH_USER_PATHS = NO;
				CLANG_ANALYZER_NONNULL = YES;
				CLANG_ANALYZER_NUMBER_OBJECT_CONVERSION = YES_AGGRESSIVE;
				CLANG_CXX_LANGUAGE_STANDARD = "gnu++20";
				CLANG_ENABLE_MODULES = YES;
				CLANG_ENABLE_OBJC_ARC = YES;
				CLANG_ENABLE_OBJC_WEAK = YES;
				CLANG_WARN_BLOCK_CAPTURE_AUTORELEASING = YES;
				CLANG_WARN_BOOL_CONVERSION = YES;
				CLANG_WARN_COMMA = YES;
				CLANG_WARN_CONSTANT_CONVERSION = YES;
				CLANG_WARN_DEPRECATED_OBJC_IMPLEMENTATIONS = YES;
				CLANG_WARN_DIRECT_OBJC_ISA_USAGE = YES_ERROR;
				CLANG_WARN_DOCUMENTATION_COMMENTS = YES;
				CLANG_WARN_EMPTY_BODY = YES;
				CLANG_WARN_ENUM_CONVERSION = YES;
				CLANG_WARN_INFINITE_RECURSION = YES;
				CLANG_WARN_INT_CONVERSION = YES;
				CLANG_WARN_NON_LITERAL_NULL_CONVERSION = YES;
				CLANG_WARN_OBJC_IMPLICIT_RETAIN_SELF = YES;
				CLANG_WARN_OBJC_LITERAL_CONVERSION = YES;
				CLANG_WARN_OBJC_ROOT_CLASS = YES_ERROR;
				CLANG_WARN_QUOTED_INCLUDE_IN_FRAMEWORK_HEADER = YES;
				CLANG_WARN_RANGE_LOOP_ANALYSIS = YES;
				CLANG_WARN_STRICT_PROTOTYPES = YES;
				CLANG_WARN_SUSPICIOUS_MOVE = YES;
				CLANG_WARN_UNGUARDED_AVAILABILITY = YES_AGGRESSIVE;
				CLANG_WARN_UNREACHABLE_CODE = YES;
				CLANG_WARN__DUPLICATE_METHOD_MATCH = YES;
				COPY_PHASE_STRIP = NO;
				DEBUG_INFORMATION_FORMAT = "dwarf-with-dsym";
				ENABLE_NS_ASSERTIONS = NO;
				ENABLE_STRICT_OBJC_MSGSEND = YES;
				GCC_C_LANGUAGE_STANDARD = gnu11;
				GCC_NO_COMMON_BLOCKS = YES;
				GCC_WARN_64_TO_32_BIT_CONVERSION = YES;
				GCC_WARN_ABOUT_RETURN_TYPE = YES_ERROR;
				GCC_WARN_UNDECLARED_SELECTOR = YES;
				GCC_WARN_UNINITIALIZED_AUTOS = YES_AGGRESSIVE;
				GCC_WARN_UNUSED_FUNCTION = YES;
				GCC_WARN_UNUSED_VARIABLE = YES;
				IPHONEOS_DEPLOYMENT_TARGET = 16.4;
				MTL_ENABLE_DEBUG_INFO = NO;
				MTL_FAST_MATH = YES;
				SDKROOT = iphoneos;
				SWIFT_COMPILATION_MODE = wholemodule;
				SWIFT_OPTIMIZATION_LEVEL = "-O";
				VALIDATE_PRODUCT = YES;
			};
			name = Release;
		};
		6A68AEF02A6EF9D600ECE7C9 /* Debug */ = {
			isa = XCBuildConfiguration;
			buildSettings = {
				ASSETCATALOG_COMPILER_APPICON_NAME = AppIcon;
				ASSETCATALOG_COMPILER_GLOBAL_ACCENT_COLOR_NAME = AccentColor;
				CODE_SIGN_STYLE = Automatic;
				CURRENT_PROJECT_VERSION = 1;
				DEVELOPMENT_ASSET_PATHS = "\"AperoQuiz/Preview Content\"";
				DEVELOPMENT_TEAM = Z8T3MHFW48;
				ENABLE_PREVIEWS = YES;
				GENERATE_INFOPLIST_FILE = YES;
				INFOPLIST_KEY_CFBundleDisplayName = "Apéro Quiz";
				INFOPLIST_KEY_LSApplicationCategoryType = "public.app-category.entertainment";
				INFOPLIST_KEY_UIApplicationSceneManifest_Generation = YES;
				INFOPLIST_KEY_UIApplicationSupportsIndirectInputEvents = YES;
				INFOPLIST_KEY_UILaunchScreen_Generation = YES;
				INFOPLIST_KEY_UISupportedInterfaceOrientations_iPad = "UIInterfaceOrientationPortrait UIInterfaceOrientationPortraitUpsideDown UIInterfaceOrientationLandscapeLeft UIInterfaceOrientationLandscapeRight";
				INFOPLIST_KEY_UISupportedInterfaceOrientations_iPhone = "UIInterfaceOrientationPortrait UIInterfaceOrientationLandscapeLeft UIInterfaceOrientationLandscapeRight";
				LD_RUNPATH_SEARCH_PATHS = (
					"$(inherited)",
					"@executable_path/Frameworks",
				);
				MARKETING_VERSION = 1.0;
				PRODUCT_BUNDLE_IDENTIFIER = me.nathanfallet.AperoQuiz;
				PRODUCT_NAME = "$(TARGET_NAME)";
				SWIFT_EMIT_LOC_STRINGS = YES;
				SWIFT_VERSION = 5.0;
				TARGETED_DEVICE_FAMILY = "1,2";
			};
			name = Debug;
		};
		6A68AEF12A6EF9D600ECE7C9 /* Release */ = {
			isa = XCBuildConfiguration;
			buildSettings = {
				ASSETCATALOG_COMPILER_APPICON_NAME = AppIcon;
				ASSETCATALOG_COMPILER_GLOBAL_ACCENT_COLOR_NAME = AccentColor;
				CODE_SIGN_STYLE = Automatic;
				CURRENT_PROJECT_VERSION = 1;
				DEVELOPMENT_ASSET_PATHS = "\"AperoQuiz/Preview Content\"";
				DEVELOPMENT_TEAM = Z8T3MHFW48;
				ENABLE_PREVIEWS = YES;
				GENERATE_INFOPLIST_FILE = YES;
				INFOPLIST_KEY_CFBundleDisplayName = "Apéro Quiz";
				INFOPLIST_KEY_LSApplicationCategoryType = "public.app-category.entertainment";
				INFOPLIST_KEY_UIApplicationSceneManifest_Generation = YES;
				INFOPLIST_KEY_UIApplicationSupportsIndirectInputEvents = YES;
				INFOPLIST_KEY_UILaunchScreen_Generation = YES;
				INFOPLIST_KEY_UISupportedInterfaceOrientations_iPad = "UIInterfaceOrientationPortrait UIInterfaceOrientationPortraitUpsideDown UIInterfaceOrientationLandscapeLeft UIInterfaceOrientationLandscapeRight";
				INFOPLIST_KEY_UISupportedInterfaceOrientations_iPhone = "UIInterfaceOrientationPortrait UIInterfaceOrientationLandscapeLeft UIInterfaceOrientationLandscapeRight";
				LD_RUNPATH_SEARCH_PATHS = (
					"$(inherited)",
					"@executable_path/Frameworks",
				);
				MARKETING_VERSION = 1.0;
				PRODUCT_BUNDLE_IDENTIFIER = me.nathanfallet.AperoQuiz;
				PRODUCT_NAME = "$(TARGET_NAME)";
				SWIFT_EMIT_LOC_STRINGS = YES;
				SWIFT_VERSION = 5.0;
				TARGETED_DEVICE_FAMILY = "1,2";
			};
			name = Release;
		};
/* End XCBuildConfiguration section */

/* Begin XCConfigurationList section */
		6A68AEDC2A6EF9D600ECE7C9 /* Build configuration list for PBXProject "AperoQuiz" */ = {
			isa = XCConfigurationList;
			buildConfigurations = (
				6A68AEED2A6EF9D600ECE7C9 /* Debug */,
				6A68AEEE2A6EF9D600ECE7C9 /* Release */,
			);
			defaultConfigurationIsVisible = 0;
			defaultConfigurationName = Release;
		};
		6A68AEEF2A6EF9D600ECE7C9 /* Build configuration list for PBXNativeTarget "AperoQuiz" */ = {
			isa = XCConfigurationList;
			buildConfigurations = (
				6A68AEF02A6EF9D600ECE7C9 /* Debug */,
				6A68AEF12A6EF9D600ECE7C9 /* Release */,
			);
			defaultConfigurationIsVisible = 0;
			defaultConfigurationName = Release;
		};
/* End XCConfigurationList section */
	};
	rootObject = 6A68AED92A6EF9D600ECE7C9 /* Project object */;
}
